
Microsoft Visual Studio Solution File, Format Version 12.00
Project("{FAE04EC0-301F-11D3-BF4B-00C04F79EFBC}") = "AdventOfCode", "AdventOfCode\AdventOfCode.csproj", "{304E0BEA-CE7B-43A1-98E1-5F3EBCEAF673}"
EndProject
Global
	GlobalSection(SolutionConfigurationPlatforms) = preSolution
		Debug|Any CPU = Debug|Any CPU
		Release|Any CPU = Release|Any CPU
	EndGlobalSection
	GlobalSection(ProjectConfigurationPlatforms) = postSolution
		{304E0BEA-CE7B-43A1-98E1-5F3EBCEAF673}.Debug|Any CPU.ActiveCfg = Debug|Any CPU
		{304E0BEA-CE7B-43A1-98E1-5F3EBCEAF673}.Debug|Any CPU.Build.0 = Debug|Any CPU
		{304E0BEA-CE7B-43A1-98E1-5F3EBCEAF673}.Release|Any CPU.ActiveCfg = Release|Any CPU
		{304E0BEA-CE7B-43A1-98E1-5F3EBCEAF673}.Release|Any CPU.Build.0 = Release|Any CPU
	EndGlobalSection
EndGlobal
